
Microsoft Visual Studio Solution File, Format Version 12.00
# Visual Studio 2012
Project("{FAE04EC0-301F-11D3-BF4B-00C04F79EFBC}") = "USEncoder", "USEncoder.csproj", "{708F4849-39ED-4086-8F5A-634F89D62FE2}"
EndProject
Global
	GlobalSection(SolutionConfigurationPlatforms) = preSolution
		Debug|Any CPU = Debug|Any CPU
		Release|Any CPU = Release|Any CPU
	EndGlobalSection
	GlobalSection(ProjectConfigurationPlatforms) = postSolution
		{708F4849-39ED-4086-8F5A-634F89D62FE2}.Debug|Any CPU.ActiveCfg = Debug|Any CPU
		{708F4849-39ED-4086-8F5A-634F89D62FE2}.Debug|Any CPU.Build.0 = Debug|Any CPU
		{708F4849-39ED-4086-8F5A-634F89D62FE2}.Release|Any CPU.ActiveCfg = Release|Any CPU
		{708F4849-39ED-4086-8F5A-634F89D62FE2}.Release|Any CPU.Build.0 = Release|Any CPU
	EndGlobalSection
	GlobalSection(SolutionProperties) = preSolution
		HideSolutionNode = FALSE
	EndGlobalSection
EndGlobal
